
Microsoft Visual Studio Solution File, Format Version 12.00
# Visual Studio Version 16
VisualStudioVersion = 16.0.31624.102
MinimumVisualStudioVersion = 10.0.40219.1
Project("{FAE04EC0-301F-11D3-BF4B-00C04F79EFBC}") = "CW6 DataBase", "CW6 DataBase.csproj", "{062E890B-6868-48A6-AFAC-C0E68881BF3A}"
EndProject
Global
	GlobalSection(SolutionConfigurationPlatforms) = preSolution
		Debug|Any CPU = Debug|Any CPU
		Release|Any CPU = Release|Any CPU
	EndGlobalSection
	GlobalSection(ProjectConfigurationPlatforms) = postSolution
		{062E890B-6868-48A6-AFAC-C0E68881BF3A}.Debug|Any CPU.ActiveCfg = Debug|Any CPU
		{062E890B-6868-48A6-AFAC-C0E68881BF3A}.Debug|Any CPU.Build.0 = Debug|Any CPU
		{062E890B-6868-48A6-AFAC-C0E68881BF3A}.Release|Any CPU.ActiveCfg = Release|Any CPU
		{062E890B-6868-48A6-AFAC-C0E68881BF3A}.Release|Any CPU.Build.0 = Release|Any CPU
	EndGlobalSection
	GlobalSection(SolutionProperties) = preSolution
		HideSolutionNode = FALSE
	EndGlobalSection
	GlobalSection(ExtensibilityGlobals) = postSolution
		SolutionGuid = {4240340A-5059-4903-AD57-AB729CAE5C69}
	EndGlobalSection
EndGlobal
